// !$*UTF8*$!
{
	archiveVersion = 1;
	classes = {
	};
	objectVersion = 56;
	objects = {

/* Begin PBXBuildFile section */
		1A0000000000000000000001 /* SomaApp.swift in Sources */ = {isa = PBXBuildFile; fileRef = 1B0000000000000000000001 /* SomaApp.swift */; };
		AA00000000000000000000BB /* ContentView.swift in Sources */ = {isa = PBXBuildFile; fileRef = BB00000000000000000000BB /* ContentView.swift */; };
		AA0000000000000000000010 /* TVDevice.swift in Sources */ = {isa = PBXBuildFile; fileRef = BB0000000000000000000010 /* TVDevice.swift */; };
		AA0000000000000000000011 /* RemoteKey.swift in Sources */ = {isa = PBXBuildFile; fileRef = BB0000000000000000000011 /* RemoteKey.swift */; };
		AA0000000000000000000012 /* TVApp.swift in Sources */ = {isa = PBXBuildFile; fileRef = BB0000000000000000000012 /* TVApp.swift */; };
		AA0000000000000000000013 /* ConnectionState.swift in Sources */ = {isa = PBXBuildFile; fileRef = BB0000000000000000000013 /* ConnectionState.swift */; };
		AA0000000000000000000014 /* HotKeys.swift in Sources */ = {isa = PBXBuildFile; fileRef = BB0000000000000000000014 /* HotKeys.swift */; };
		AA0000000000000000000015 /* SamsungTVClient.swift in Sources */ = {isa = PBXBuildFile; fileRef = BB0000000000000000000015 /* SamsungTVClient.swift */; };
		AA0000000000000000000016 /* DeviceStore.swift in Sources */ = {isa = PBXBuildFile; fileRef = BB0000000000000000000016 /* DeviceStore.swift */; };
		AA0000000000000000000017 /* SettingsStore.swift in Sources */ = {isa = PBXBuildFile; fileRef = BB0000000000000000000017 /* SettingsStore.swift */; };
		AA0000000000000000000018 /* WakeOnLAN.swift in Sources */ = {isa = PBXBuildFile; fileRef = BB0000000000000000000018 /* WakeOnLAN.swift */; };
		AA0000000000000000000019 /* SleepTimer.swift in Sources */ = {isa = PBXBuildFile; fileRef = BB0000000000000000000019 /* SleepTimer.swift */; };
		AA000000000000000000001A /* GlobalHotKeyManager.swift in Sources */ = {isa = PBXBuildFile; fileRef = BB000000000000000000001A /* GlobalHotKeyManager.swift */; };
		AA000000000000000000001B /* TVControllerViewModel.swift in Sources */ = {isa = PBXBuildFile; fileRef = BB000000000000000000001B /* TVControllerViewModel.swift */; };
		AA000000000000000000001C /* MenuBarView.swift in Sources */ = {isa = PBXBuildFile; fileRef = BB000000000000000000001C /* MenuBarView.swift */; };
		AA000000000000000000001D /* RemoteControlView.swift in Sources */ = {isa = PBXBuildFile; fileRef = BB000000000000000000001D /* RemoteControlView.swift */; };
		AA000000000000000000001E /* DevicesView.swift in Sources */ = {isa = PBXBuildFile; fileRef = BB000000000000000000001E /* DevicesView.swift */; };
		AA000000000000000000001F /* SettingsView.swift in Sources */ = {isa = PBXBuildFile; fileRef = BB000000000000000000001F /* SettingsView.swift */; };
		AA0000000000000000000020 /* DPadView.swift in Sources */ = {isa = PBXBuildFile; fileRef = BB0000000000000000000020 /* DPadView.swift */; };
		AA0000000000000000000021 /* StatusBadge.swift in Sources */ = {isa = PBXBuildFile; fileRef = BB0000000000000000000021 /* StatusBadge.swift */; };
		AA0000000000000000000022 /* RemoteButton.swift in Sources */ = {isa = PBXBuildFile; fileRef = BB0000000000000000000022 /* RemoteButton.swift */; };
		AA0000000000000000000023 /* VolumeChannelView.swift in Sources */ = {isa = PBXBuildFile; fileRef = BB0000000000000000000023 /* VolumeChannelView.swift */; };
		AA0000000000000000000024 /* AppsGridView.swift in Sources */ = {isa = PBXBuildFile; fileRef = BB0000000000000000000024 /* AppsGridView.swift */; };
		AA0000000000000000000025 /* TextInputBar.swift in Sources */ = {isa = PBXBuildFile; fileRef = BB0000000000000000000025 /* TextInputBar.swift */; };
		AA0000000000000000000026 /* ShortcutRecorder.swift in Sources */ = {isa = PBXBuildFile; fileRef = BB0000000000000000000026 /* ShortcutRecorder.swift */; };
/* End PBXBuildFile section */

/* Begin PBXFileReference section */
		1B0000000000000000000001 /* SomaApp.swift */ = {isa = PBXFileReference; lastKnownFileType = sourcecode.swift; path = SomaApp.swift; sourceTree = "<group>"; };
		1B0000000000000000000004 /* Soma.entitlements */ = {isa = PBXFileReference; lastKnownFileType = text.plist.entitlements; path = Soma.entitlements; sourceTree = "<group>"; };
		1B0000000000000000000005 /* Info.plist */ = {isa = PBXFileReference; lastKnownFileType = text.plist.xml; path = Info.plist; sourceTree = "<group>"; };
		1B0000000000000000000006 /* Soma.app */ = {isa = PBXFileReference; explicitFileType = wrapper.application; includeInIndex = 0; path = Soma.app; sourceTree = BUILT_PRODUCTS_DIR; };
		BB00000000000000000000BB /* ContentView.swift */ = {isa = PBXFileReference; lastKnownFileType = sourcecode.swift; path = ContentView.swift; sourceTree = "<group>"; };
		BB0000000000000000000010 /* TVDevice.swift */ = {isa = PBXFileReference; lastKnownFileType = sourcecode.swift; path = TVDevice.swift; sourceTree = "<group>"; };
		BB0000000000000000000011 /* RemoteKey.swift */ = {isa = PBXFileReference; lastKnownFileType = sourcecode.swift; path = RemoteKey.swift; sourceTree = "<group>"; };
		BB0000000000000000000012 /* TVApp.swift */ = {isa = PBXFileReference; lastKnownFileType = sourcecode.swift; path = TVApp.swift; sourceTree = "<group>"; };
		BB0000000000000000000013 /* ConnectionState.swift */ = {isa = PBXFileReference; lastKnownFileType = sourcecode.swift; path = ConnectionState.swift; sourceTree = "<group>"; };
		BB0000000000000000000014 /* HotKeys.swift */ = {isa = PBXFileReference; lastKnownFileType = sourcecode.swift; path = HotKeys.swift; sourceTree = "<group>"; };
		BB0000000000000000000015 /* SamsungTVClient.swift */ = {isa = PBXFileReference; lastKnownFileType = sourcecode.swift; path = SamsungTVClient.swift; sourceTree = "<group>"; };
		BB0000000000000000000016 /* DeviceStore.swift */ = {isa = PBXFileReference; lastKnownFileType = sourcecode.swift; path = DeviceStore.swift; sourceTree = "<group>"; };
		BB0000000000000000000017 /* SettingsStore.swift */ = {isa = PBXFileReference; lastKnownFileType = sourcecode.swift; path = SettingsStore.swift; sourceTree = "<group>"; };
		BB0000000000000000000018 /* WakeOnLAN.swift */ = {isa = PBXFileReference; lastKnownFileType = sourcecode.swift; path = WakeOnLAN.swift; sourceTree = "<group>"; };
		BB0000000000000000000019 /* SleepTimer.swift */ = {isa = PBXFileReference; lastKnownFileType = sourcecode.swift; path = SleepTimer.swift; sourceTree = "<group>"; };
		BB000000000000000000001A /* GlobalHotKeyManager.swift */ = {isa = PBXFileReference; lastKnownFileType = sourcecode.swift; path = GlobalHotKeyManager.swift; sourceTree = "<group>"; };
		BB000000000000000000001B /* TVControllerViewModel.swift */ = {isa = PBXFileReference; lastKnownFileType = sourcecode.swift; path = TVControllerViewModel.swift; sourceTree = "<group>"; };
		BB000000000000000000001C /* MenuBarView.swift */ = {isa = PBXFileReference; lastKnownFileType = sourcecode.swift; path = MenuBarView.swift; sourceTree = "<group>"; };
		BB000000000000000000001D /* RemoteControlView.swift */ = {isa = PBXFileReference; lastKnownFileType = sourcecode.swift; path = RemoteControlView.swift; sourceTree = "<group>"; };
		BB000000000000000000001E /* DevicesView.swift */ = {isa = PBXFileReference; lastKnownFileType = sourcecode.swift; path = DevicesView.swift; sourceTree = "<group>"; };
		BB000000000000000000001F /* SettingsView.swift */ = {isa = PBXFileReference; lastKnownFileType = sourcecode.swift; path = SettingsView.swift; sourceTree = "<group>"; };
		BB0000000000000000000020 /* DPadView.swift */ = {isa = PBXFileReference; lastKnownFileType = sourcecode.swift; path = DPadView.swift; sourceTree = "<group>"; };
		BB0000000000000000000021 /* StatusBadge.swift */ = {isa = PBXFileReference; lastKnownFileType = sourcecode.swift; path = StatusBadge.swift; sourceTree = "<group>"; };
		BB0000000000000000000022 /* RemoteButton.swift */ = {isa = PBXFileReference; lastKnownFileType = sourcecode.swift; path = RemoteButton.swift; sourceTree = "<group>"; };
		BB0000000000000000000023 /* VolumeChannelView.swift */ = {isa = PBXFileReference; lastKnownFileType = sourcecode.swift; path = VolumeChannelView.swift; sourceTree = "<group>"; };
		BB0000000000000000000024 /* AppsGridView.swift */ = {isa = PBXFileReference; lastKnownFileType = sourcecode.swift; path = AppsGridView.swift; sourceTree = "<group>"; };
		BB0000000000000000000025 /* TextInputBar.swift */ = {isa = PBXFileReference; lastKnownFileType = sourcecode.swift; path = TextInputBar.swift; sourceTree = "<group>"; };
		BB0000000000000000000026 /* ShortcutRecorder.swift */ = {isa = PBXFileReference; lastKnownFileType = sourcecode.swift; path = ShortcutRecorder.swift; sourceTree = "<group>"; };
/* End PBXFileReference section */

/* Begin PBXFrameworksBuildPhase section */
		1F0000000000000000000002 /* Frameworks */ = {
			isa = PBXFrameworksBuildPhase;
			buildActionMask = 2147483647;
			files = (
			);
			runOnlyForDeploymentPostprocessing = 0;
		};
/* End PBXFrameworksBuildPhase section */

/* Begin PBXGroup section */
		1C0000000000000000000001 = {
			isa = PBXGroup;
			children = (
				1C0000000000000000000002 /* Soma */,
				1C0000000000000000000003 /* Products */,
			);
			sourceTree = "<group>";
		};
		1C0000000000000000000002 /* Soma */ = {
			isa = PBXGroup;
			children = (
				1B0000000000000000000001 /* SomaApp.swift */,
				CC0000000000000000000001 /* Models */,
				CC0000000000000000000002 /* Services */,
				CC0000000000000000000003 /* ViewModels */,
				CC0000000000000000000004 /* Views */,
				1B0000000000000000000004 /* Soma.entitlements */,
				1B0000000000000000000005 /* Info.plist */,
			);
			path = Soma;
			sourceTree = "<group>";
		};
		1C0000000000000000000003 /* Products */ = {
			isa = PBXGroup;
			children = (
				1B0000000000000000000006 /* Soma.app */,
			);
			name = Products;
			sourceTree = "<group>";
		};
		CC0000000000000000000001 /* Models */ = {
			isa = PBXGroup;
			children = (
				BB0000000000000000000010 /* TVDevice.swift */,
				BB0000000000000000000011 /* RemoteKey.swift */,
				BB0000000000000000000012 /* TVApp.swift */,
				BB0000000000000000000013 /* ConnectionState.swift */,
				BB0000000000000000000014 /* HotKeys.swift */,
			);
			path = Models;
			sourceTree = "<group>";
		};
		CC0000000000000000000002 /* Services */ = {
			isa = PBXGroup;
			children = (
				BB0000000000000000000015 /* SamsungTVClient.swift */,
				BB0000000000000000000016 /* DeviceStore.swift */,
				BB0000000000000000000017 /* SettingsStore.swift */,
				BB0000000000000000000018 /* WakeOnLAN.swift */,
				BB0000000000000000000019 /* SleepTimer.swift */,
				BB000000000000000000001A /* GlobalHotKeyManager.swift */,
			);
			path = Services;
			sourceTree = "<group>";
		};
		CC0000000000000000000003 /* ViewModels */ = {
			isa = PBXGroup;
			children = (
				BB000000000000000000001B /* TVControllerViewModel.swift */,
			);
			path = ViewModels;
			sourceTree = "<group>";
		};
		CC0000000000000000000004 /* Views */ = {
			isa = PBXGroup;
			children = (
				BB00000000000000000000BB /* ContentView.swift */,
				BB000000000000000000001C /* MenuBarView.swift */,
				BB000000000000000000001D /* RemoteControlView.swift */,
				BB000000000000000000001E /* DevicesView.swift */,
				BB000000000000000000001F /* SettingsView.swift */,
				CC0000000000000000000005 /* Components */,
			);
			path = Views;
			sourceTree = "<group>";
		};
		CC0000000000000000000005 /* Components */ = {
			isa = PBXGroup;
			children = (
				BB0000000000000000000020 /* DPadView.swift */,
				BB0000000000000000000021 /* StatusBadge.swift */,
				BB0000000000000000000022 /* RemoteButton.swift */,
				BB0000000000000000000023 /* VolumeChannelView.swift */,
				BB0000000000000000000024 /* AppsGridView.swift */,
				BB0000000000000000000025 /* TextInputBar.swift */,
				BB0000000000000000000026 /* ShortcutRecorder.swift */,
			);
			path = Components;
			sourceTree = "<group>";
		};
/* End PBXGroup section */

/* Begin PBXNativeTarget section */
		1D0000000000000000000001 /* Soma */ = {
			isa = PBXNativeTarget;
			buildConfigurationList = 2100000000000000000000002 /* Build configuration list for PBXNativeTarget "Soma" */;
			buildPhases = (
				1F0000000000000000000001 /* Sources */,
				1F0000000000000000000002 /* Frameworks */,
				1F0000000000000000000003 /* Resources */,
			);
			buildRules = (
			);
			dependencies = (
			);
			name = Soma;
			productName = Soma;
			productReference = 1B0000000000000000000006 /* Soma.app */;
			productType = "com.apple.product-type.application";
		};
/* End PBXNativeTarget section */

/* Begin PBXProject section */
		1E0000000000000000000001 /* Project object */ = {
			isa = PBXProject;
			attributes = {
				BuildIndependentTargetsInParallel = 1;
				LastSwiftUpdateCheck = 1500;
				LastUpgradeCheck = 1500;
				TargetAttributes = {
					1D0000000000000000000001 = {
						CreatedOnToolsVersion = 15.0;
					};
				};
			};
			buildConfigurationList = 2100000000000000000000001 /* Build configuration list for PBXProject "Soma" */;
			compatibilityVersion = "Xcode 14.0";
			developmentRegion = en;
			hasScannedForEncodings = 0;
			knownRegions = (
				en,
				Base,
			);
			mainGroup = 1C0000000000000000000001;
			productRefGroup = 1C0000000000000000000003 /* Products */;
			projectDirPath = "";
			projectRoot = "";
			targets = (
				1D0000000000000000000001 /* Soma */,
			);
		};
/* End PBXProject section */

/* Begin PBXResourcesBuildPhase section */
		1F0000000000000000000003 /* Resources */ = {
			isa = PBXResourcesBuildPhase;
			buildActionMask = 2147483647;
			files = (
			);
			runOnlyForDeploymentPostprocessing = 0;
		};
/* End PBXResourcesBuildPhase section */

/* Begin PBXSourcesBuildPhase section */
		1F0000000000000000000001 /* Sources */ = {
			isa = PBXSourcesBuildPhase;
			buildActionMask = 2147483647;
			files = (
				1A0000000000000000000001 /* SomaApp.swift in Sources */,
				AA0000000000000000000010 /* TVDevice.swift in Sources */,
				AA0000000000000000000011 /* RemoteKey.swift in Sources */,
				AA0000000000000000000012 /* TVApp.swift in Sources */,
				AA0000000000000000000013 /* ConnectionState.swift in Sources */,
				AA0000000000000000000014 /* HotKeys.swift in Sources */,
				AA0000000000000000000015 /* SamsungTVClient.swift in Sources */,
				AA0000000000000000000016 /* DeviceStore.swift in Sources */,
				AA0000000000000000000017 /* SettingsStore.swift in Sources */,
				AA0000000000000000000018 /* WakeOnLAN.swift in Sources */,
				AA0000000000000000000019 /* SleepTimer.swift in Sources */,
				AA000000000000000000001A /* GlobalHotKeyManager.swift in Sources */,
				AA000000000000000000001B /* TVControllerViewModel.swift in Sources */,
				AA00000000000000000000BB /* ContentView.swift in Sources */,
				AA000000000000000000001C /* MenuBarView.swift in Sources */,
				AA000000000000000000001D /* RemoteControlView.swift in Sources */,
				AA000000000000000000001E /* DevicesView.swift in Sources */,
				AA000000000000000000001F /* SettingsView.swift in Sources */,
				AA0000000000000000000020 /* DPadView.swift in Sources */,
				AA0000000000000000000021 /* StatusBadge.swift in Sources */,
				AA0000000000000000000022 /* RemoteButton.swift in Sources */,
				AA0000000000000000000023 /* VolumeChannelView.swift in Sources */,
				AA0000000000000000000024 /* AppsGridView.swift in Sources */,
				AA0000000000000000000025 /* TextInputBar.swift in Sources */,
				AA0000000000000000000026 /* ShortcutRecorder.swift in Sources */,
			);
			runOnlyForDeploymentPostprocessing = 0;
		};
/* End PBXSourcesBuildPhase section */

/* Begin XCBuildConfiguration section */
		2000000000000000000000001 /* Debug */ = {
			isa = XCBuildConfiguration;
			buildSettings = {
				ALWAYS_SEARCH_USER_PATHS = NO;
				CLANG_ANALYZER_NONNULL = YES;
				CLANG_ENABLE_MODULES = YES;
				CLANG_ENABLE_OBJC_ARC = YES;
				COPY_PHASE_STRIP = NO;
				DEBUG_INFORMATION_FORMAT = dwarf;
				ENABLE_STRICT_OBJC_MSGSEND = YES;
				ENABLE_TESTABILITY = YES;
				GCC_DYNAMIC_NO_PIC = NO;
				GCC_OPTIMIZATION_LEVEL = 0;
				GCC_PREPROCESSOR_DEFINITIONS = (
					"DEBUG=1",
					"$(inherited)",
				);
				MACOSX_DEPLOYMENT_TARGET = 13.0;
				MTL_ENABLE_DEBUG_INFO = INCLUDE_SOURCE;
				MTL_FAST_MATH = YES;
				ONLY_ACTIVE_ARCH = YES;
				SDKROOT = macosx;
				SWIFT_ACTIVE_COMPILATION_CONDITIONS = DEBUG;
				SWIFT_OPTIMIZATION_LEVEL = "-Onone";
			};
			name = Debug;
		};
		2000000000000000000000002 /* Release */ = {
			isa = XCBuildConfiguration;
			buildSettings = {
				ALWAYS_SEARCH_USER_PATHS = NO;
				CLANG_ANALYZER_NONNULL = YES;
				CLANG_ENABLE_MODULES = YES;
				CLANG_ENABLE_OBJC_ARC = YES;
				COPY_PHASE_STRIP = NO;
				DEBUG_INFORMATION_FORMAT = "dwarf-with-dsym";
				ENABLE_NS_ASSERTIONS = NO;
				ENABLE_STRICT_OBJC_MSGSEND = YES;
				GCC_OPTIMIZATION_LEVEL = s;
				MACOSX_DEPLOYMENT_TARGET = 13.0;
				MTL_ENABLE_DEBUG_INFO = NO;
				MTL_FAST_MATH = YES;
				SDKROOT = macosx;
				SWIFT_COMPILATION_MODE = wholemodule;
				SWIFT_OPTIMIZATION_LEVEL = "-O";
			};
			name = Release;
		};
		2000000000000000000000003 /* Debug */ = {
			isa = XCBuildConfiguration;
			buildSettings = {
				CODE_SIGN_ENTITLEMENTS = Soma/Soma.entitlements;
				CODE_SIGN_STYLE = Automatic;
				COMBINE_HIDPI_IMAGES = YES;
				CURRENT_PROJECT_VERSION = 1;
				ENABLE_HARDENED_RUNTIME = YES;
				GENERATE_INFOPLIST_FILE = NO;
				INFOPLIST_FILE = Soma/Info.plist;
				LD_RUNPATH_SEARCH_PATHS = (
					"$(inherited)",
					"@executable_path/../Frameworks",
				);
				MARKETING_VERSION = 1.0;
				PRODUCT_BUNDLE_IDENTIFIER = com.geovanydev.Soma;
				PRODUCT_NAME = "$(TARGET_NAME)";
				SWIFT_EMIT_LOC_STRINGS = YES;
				SWIFT_VERSION = 5.0;
			};
			name = Debug;
		};
		2000000000000000000000004 /* Release */ = {
			isa = XCBuildConfiguration;
			buildSettings = {
				CODE_SIGN_ENTITLEMENTS = Soma/Soma.entitlements;
				CODE_SIGN_STYLE = Automatic;
				COMBINE_HIDPI_IMAGES = YES;
				CURRENT_PROJECT_VERSION = 1;
				ENABLE_HARDENED_RUNTIME = YES;
				GENERATE_INFOPLIST_FILE = NO;
				INFOPLIST_FILE = Soma/Info.plist;
				LD_RUNPATH_SEARCH_PATHS = (
					"$(inherited)",
					"@executable_path/../Frameworks",
				);
				MARKETING_VERSION = 1.0;
				PRODUCT_BUNDLE_IDENTIFIER = com.geovanydev.Soma;
				PRODUCT_NAME = "$(TARGET_NAME)";
				SWIFT_EMIT_LOC_STRINGS = YES;
				SWIFT_VERSION = 5.0;
			};
			name = Release;
		};
/* End XCBuildConfiguration section */

/* Begin XCConfigurationList section */
		2100000000000000000000001 /* Build configuration list for PBXProject "Soma" */ = {
			isa = XCConfigurationList;
			buildConfigurations = (
				2000000000000000000000001 /* Debug */,
				2000000000000000000000002 /* Release */,
			);
			defaultConfigurationIsVisible = 0;
			defaultConfigurationName = Release;
		};
		2100000000000000000000002 /* Build configuration list for PBXNativeTarget "Soma" */ = {
			isa = XCConfigurationList;
			buildConfigurations = (
				2000000000000000000000003 /* Debug */,
				2000000000000000000000004 /* Release */,
			);
			defaultConfigurationIsVisible = 0;
			defaultConfigurationName = Release;
		};
/* End XCConfigurationList section */
	};
	rootObject = 1E0000000000000000000001 /* Project object */;
}
